github.com/beevik/etree v0.0.0-20161216042344-4cd0dd976db8 h1:83NNCRw/4bJwVOCZ5NKmRiqbffkDC/B2DFmKZ/EzU0c=
github.com/beevik/etree v0.0.0-20161216042344-4cd0dd976db8/go.mod h1:r8Aw8JqVegEf0w2fDnATrX9VpkMcyFeM0FhwO62wh+A=
github.com/beorn7/perks v0.0.0-20160229213445-3ac7bf7a47d1 h1:OnJHjoVbY69GG4gclp0ngXfywigLhR6rrgUxmxQRWO4=
github.com/beorn7/perks v0.0.0-20160229213445-3ac7bf7a47d1/go.mod h1:Dwedo/Wpr24TaqPxmxbtue+5NUziq4I4S80YR8gNf3Q=
github.com/boltdb/bolt v1.3.1 h1:JQmyP4ZBrce+ZQu0dY660FMfatumYDLun9hBCUVIkF4=
github.com/boltdb/bolt v1.3.1/go.mod h1:clJnj/oiGkjum5o1McbSZDSLxVThjynRyGBgiAx27Ps=
github.com/cockroachdb/cmux v0.0.0-20170110192607-30d10be49292 h1:dzj1/xcivGjNPwwifh/dWTczkwcuqsXXFHY1X/TZMtw=
github.com/cockroachdb/cmux v0.0.0-20170110192607-30d10be49292/go.mod h1:qRiX68mZX1lGBkTWyp3CLcenw9I94W2dLeRvMzcn9N4=
github.com/coreos/etcd v3.2.9+incompatible h1:3TbjfK5+aSRLTU/KgBC1xlgA2dn2ddYQngRqX6HFwlQ=
github.com/coreos/etcd v3.2.9+incompatible/go.mod h1:uF7uidLiAD3TWHmW31ZFd/JWoc32PjwdhPthX9715RE=
github.com/coreos/go-oidc v0.0.0-20170307191026-be73733bb8cc h1:9yuvA19Q5WFkLwJcMDoYm8m89ilzqZ5zEHqdvU+Zbds=
github.com/coreos/go-oidc v0.0.0-20170307191026-be73733bb8cc/go.mod h1:CgnwVTmzoESiwO9qyAFEMiHoZ1nMCKZlZ9V6mm3/LKc=
github.com/coreos/go-semver v0.2.0 h1:3Jm3tLmsgAYcjC+4Up7hJrFBPr+n7rAqYeSw/SZazuY=
github.com/coreos/go-semver v0.2.0/go.mod h1:nnelYz7RCh+5ahJtPPxZlU+153eP4D4r3EedlOD2RNk=
github.com/coreos/go-systemd v0.0.0-20181031085051-9002847aa142 h1:3jFq2xL4ZajGK4aZY8jz+DAF0FHjI51BXjjSwCzS1Dk=
github.com/coreos/go-systemd v0.0.0-20181031085051-9002847aa142/go.mod h1:F5haX7vjVVG0kc13fIWeqUViNPyEJxv/OmvnBo0Yme4=
github.com/coreos/pkg v0.0.0-20180928190104-399ea9e2e55f h1:lBNOc5arjvs8E5mO2tbpBpLoyyu8B6e44T7hJy6potg=
github.com/coreos/pkg v0.0.0-20180928190104-399ea9e2e55f/go.mod h1:E3G3o1h8I7cfcXa63jLwjI0eiQQMgzzUDFVpN/nH/eA=
github.com/davecgh/go-spew v1.1.1 h1:vj9j/u1bqnvCEfJOwUhtlOARqs3+rkHYY13jYWTU97c=
github.com/davecgh/go-spew v1.1.1/go.mod h1:J7Y8YcW2NihsgmVo/mv3lAwl/skON4iLHjSsI+c5H38=
github.com/dgrijalva/jwt-go v3.2.0+incompatible h1:7qlOGliEKZXTDg6OTjfoBKDXWrumCAMpl/TFQ4/5kLM=
github.com/dgrijalva/jwt-go v3.2.0+incompatible/go.mod h1:E3ru+11k8xSBh+hMPgOLZmtrrCbhqsmaPHjLKYnJCaQ=
github.com/felixge/httpsnoop v1.0.0 h1:gh8fMGz0rlOv/1WmRZm7OgncIOTsAj21iNJot48omJQ=
github.com/felixge/httpsnoop v1.0.0/go.mod h1:3+D9sFq0ahK/JeJPhCBUV1xlf4/eIYrUQaxulT0VzX8=
github.com/ghodss/yaml v0.0.0-20161020005002-bea76d6a4713 h1:ag3kFMoZZMrEBi4ySTdSWSPz8K7Slu++J9/QXzLBiLk=
github.com/ghodss/yaml v0.0.0-20161020005002-bea76d6a4713/go.mod h1:4dBDuWmgqj2HViK6kFavaiC9ZROes6MMH2rRYeMEF04=
github.com/gogo/protobuf v1.1.1 h1:72R+M5VuhED/KujmZVcIquuo8mBgX4oVda//DQb3PXo=
github.com/gogo/protobuf v1.1.1/go.mod h1:r8qH/GZQm5c6nD/R0oafs1akxWv10x8SbQlK7atdtwQ=
github.com/golang/groupcache v0.0.0-20181024230925-c65c006176ff h1:kOkM9whyQYodu09SJ6W3NCsHG7crFaJILQ22Gozp3lg=
github.com/golang/groupcache v0.0.0-20181024230925-c65c006176ff/go.mod h1:cIg4eruTrX1D+g88fzRXU5OdNfaM+9IcxsU14FzY7Hc=
github.com/golang/protobuf v0.0.0-20171113180720-1e59b77b52bf h1:pFr/u+m8QUBMW/itAczltF3guNRAL7XDs5tD3f6nSD0=
github.com/golang/protobuf v0.0.0-20171113180720-1e59b77b52bf/go.mod h1:6lQm79b+lXiMfvg/cZm0SGofjICqVBUtrP5yJMmIC1U=
github.com/google/btree v0.0.0-20180813153112-4030bb1f1f0c h1:964Od4U6p2jUkFxvCydnIczKteheJEzHRToSGK3Bnlw=
github.com/google/btree v0.0.0-20180813153112-4030bb1f1f0c/go.mod h1:lNA+9X1NB3Zf8V7Ke586lFgjr2dZNuvo3lPJSGZ5JPQ=
github.com/gorilla/context v0.0.0-20160525203319-aed02d124ae4 h1:3nOfQt8sRPYbXORD5tJ8YyQ3HlL2Jt3LJ2U17CbNh6I=
github.com/gorilla/context v0.0.0-20160525203319-aed02d124ae4/go.mod h1:kBGZzfjB9CEq2AlWe17Uuf7NDRt0dE0s8S51q0aT7Yg=
github.com/gorilla/handlers v0.0.0-20161206055144-3a5767ca75ec h1:RDyBmwIQWsSnpRDzYBziOiD54eGHlAffUxF98z17bNY=
github.com/gorilla/handlers v0.0.0-20161206055144-3a5767ca75ec/go.mod h1:Qkdc/uu4tH4g6mTK6auzZ766c4CA0Ng8+o/OAirnOIQ=
github.com/gorilla/mux v0.0.0-20160605233521-9fa818a44c2b h1:OFvZV3a+25cGJH9dETHw0nk0wV6hLZI7IJijOkXEFS0=
github.com/gorilla/mux v0.0.0-20160605233521-9fa818a44c2b/go.mod h1:1lud6UwP+6orDFRuTfBEV8e9/aOM/c4fVVCaMa2zaAs=
github.com/grpc-ecosystem/go-grpc-prometheus v0.0.0-20170826090648-0dafe0d496ea h1:Bzd/0fcg24qAEJyr7pTtDOn806SRBtzyloCuLTEvSOo=
github.com/grpc-ecosystem/go-grpc-prometheus v0.0.0-20170826090648-0dafe0d496ea/go.mod h1:8NvIoxWQoOIhqOTXgfV/d3M/q6VIi02HzZEHgUlZvzk=
github.com/grpc-ecosystem/grpc-gateway v1.5.1 h1:3scN4iuXkNOyP98jF55Lv8a9j1o/IwvnDIZ0LHJK1nk=
github.com/grpc-ecosystem/grpc-gateway v1.5.1/go.mod h1:RSKVYQBd5MCa4OVpNdGskqpgL2+G+NZTnrVHpWWfpdw=
github.com/gtank/cryptopasta v0.0.0-20160720052843-e7e23673cac3 h1:ZGUKYipquHfGh+SfhKTCaDTAgGf8wf5pl5aJ1K5oCcQ=
github.com/gtank/cryptopasta v0.0.0-20160720052843-e7e23673cac3/go.mod h1:YLEMZOtU+AZ7dhN9T/IpGhXVGly2bvkJQ+zxj3WeVQo=
github.com/inconshreveable/mousetrap v1.0.0 h1:Z8tu5sraLXCXIcARxBp/8cbvlwVa7Z1NHg9XEKhtSvM=
github.com/inconshreveable/mousetrap v1.0.0/go.mod h1:PxqpIevigyE2G7u3NXJIT2ANytuPF1OarO4DADm73n8=
github.com/jonboulle/clockwork v0.0.0-20160907122059-bcac9884e750 h1:ysDggIU+1XiT58oKSl5C9d+hxeOW7kqeI2n6eZymuMs=
github.com/jonboulle/clockwork v0.0.0-20160907122059-bcac9884e750/go.mod h1:Ii8DK3G1RaLaWxj9trq07+26W01tbo22gdxWY5EU2bo=
github.com/kr/pretty v0.1.0 h1:L/CwN0zerZDmRFUapSPitk6f+Q3+0za1rQkzVuMiMFI=
github.com/kr/pretty v0.1.0/go.mod h1:dAy3ld7l9f0ibDNOQOHHMYYIIbhfbHSm3C4ZsoJORNo=
github.com/kr/pty v1.1.1/go.mod h1:pFQYn66WHrOpPYNljwOMqo10TkYh1fy3cYio2l3bCsQ=
github.com/kr/text v0.1.0 h1:45sCR5RtlFHMR4UwH9sdQ5TC8v0qDQCHnXt+kaKSTVE=
github.com/kr/text v0.1.0/go.mod h1:4Jbv+DJW3UT/LiOwJeYQe1efqtUx/iVham/4vfdArNI=
github.com/kylelemons/godebug v0.0.0-20160406211939-eadb3ce320cb h1:iiMILPl9HQFqdFXIuwfYT73NYtH0KApnCmyF7y5wYhs=
github.com/kylelemons/godebug v0.0.0-20160406211939-eadb3ce320cb/go.mod h1:B69LEHPfb2qLo0BaaOLcbitczOKLWTsrBG9LczfCD4k=
github.com/lib/pq v0.0.0-20181016162627-9eb73efc1fcc h1:0pifi8wVV/YuUKBDmlH3koJgRVnUJ2RiJQ8ly/1/aJ8=
github.com/lib/pq v0.0.0-20181016162627-9eb73efc1fcc/go.mod h1:5WUZQaWbwv1U+lTReE5YruASi9Al49XbQIvNi/34Woo=
github.com/mattn/go-sqlite3 v0.0.0-20160907162043-3fb7a0e792ed h1:hhFE3aQaQI9KqFBAfuuRvfNIeqG+ExqgaHwec3Lve6s=
github.com/mattn/go-sqlite3 v0.0.0-20160907162043-3fb7a0e792ed/go.mod h1:FPy6KqzDD04eiIsT53CuJW3U88zkxoIYsOqkbpncsNc=
github.com/matttproud/golang_protobuf_extensions v0.0.0-20150406173934-fc2b8d3a73c4 h1:NlK6WXPDxjVVwseTuj5NdNJBDabnoJryx4UqB5i/Lk8=
github.com/matttproud/golang_protobuf_extensions v0.0.0-20150406173934-fc2b8d3a73c4/go.mod h1:D8He9yQNgCq6Z5Ld7szi9bcBfOoFv/3dc6xSMkL2PC0=
github.com/pmezard/go-difflib v1.0.0 h1:4DBwDE0NGyQoBHbLQYPwSUPoCMWR5BEzIk/f1lZbAQM=
github.com/pmezard/go-difflib v1.0.0/go.mod h1:iKH77koFhYxTK1pcRnkKkqfTogsbg7gZNVY4sRDYZ/4=
github.com/pquerna/cachecontrol v0.0.0-20160421231612-c97913dcbd76 h1:O60OlfVScwx/OixpMy8gIPeKNIN3bI9BrOuTIUexlbc=
github.com/pquerna/cachecontrol v0.0.0-20160421231612-c97913dcbd76/go.mod h1:prYjPmNq4d1NPVmpShWobRqXY3q7Vp+80DqgxxUrUIA=
github.com/prometheus/client_golang v0.9.0-pre1 h1:AWTOhsOI9qxeirTuA0A4By/1Es1+y9EcCGY6bBZ2fhM=
github.com/prometheus/client_golang v0.9.0-pre1/go.mod h1:7SWBe2y4D6OKWSNQJUaRYU/AaXPKyh/dDVn+NZz0KFw=
github.com/prometheus/client_model v0.0.0-20150212101744-fa8ad6fec335 h1:0E/5GnGmzoDCtmzTycjGDWW33H0UBmAhR0h+FC8hWLs=
github.com/prometheus/client_model v0.0.0-20150212101744-fa8ad6fec335/go.mod h1:MbSGuTsp3dbXC40dX6PRTWyKYBIrTGTE9sqQNg2J8bo=
github.com/prometheus/common v0.0.0-20170220103846-49fee292b27b h1:nure2StBXEgV+CtAOZSggLGJ7bfuSfvuitPnwEQSKWQ=
github.com/prometheus/common v0.0.0-20170220103846-49fee292b27b/go.mod h1:daVV7qP5qjZbuso7PdcryaAu0sAZbrN9i7WWcTMWvro=
github.com/prometheus/procfs v0.0.0-20170216223256-a1dba9ce8bae h1:nbLP9B5vU3a/0hOXzolmZHxr2SQ2MEu6vhZappUZY9c=
github.com/prometheus/procfs v0.0.0-20170216223256-a1dba9ce8bae/go.mod h1:c3At6R/oaqEKCNdg8wHV1ftS6bRYblBhIjjI8uT2IGk=
github.com/russellhaering/goxmldsig v0.0.0-20170324122954-eaac44c63fe0 h1:jhWWGMYDGjj/PmvsUkFkhlvBhOR0y8ZJW7OY/21F8FY=
github.com/russellhaering/goxmldsig v0.0.0-20170324122954-eaac44c63fe0/go.mod h1:Oz4y6ImuOQZxynhbSXk7btjEfNBtGlj2dcaOvXl2FSM=
github.com/satori/go.uuid v1.2.0 h1:0uYX9dsZ2yD7q2RtLRtPSdGDWzjeM3TbMJP9utgA0ww=
github.com/satori/go.uuid v1.2.0/go.mod h1:dA0hQrYB0VpLJoorglMZABFdXlWrHn1NEOzdhQKdks0=
github.com/sirupsen/logrus v0.0.0-20170713114250-a3f95b5c4235 h1:a2XWU6egUZQhD52o2GEKr79zE+OuZmwLybyOQpoqhHQ=
github.com/sirupsen/logrus v0.0.0-20170713114250-a3f95b5c4235/go.mod h1:pMByvHTf9Beacp5x1UXfOR9xyW/9antXMhjMPG0dEzc=
github.com/spf13/cobra v0.0.0-20160615143614-bc81c21bd0d8 h1:g2skTvb63htNjrbi0JetliK7awRNrZAp1eES43yAZO8=
github.com/spf13/cobra v0.0.0-20160615143614-bc81c21bd0d8/go.mod h1:1l0Ry5zgKvJasoi3XT1TypsSe7PqH0Sj9dhYf7v3XqQ=
github.com/spf13/pflag v0.0.0-20160610190902-367864438f1b h1:eZZ0QAe7qz2L8dz1t9s6AMlheHgTLP4XcNbCV8HkOkY=
github.com/spf13/pflag v0.0.0-20160610190902-367864438f1b/go.mod h1:DYY7MBk1bdzusC3SYhjObp+wFpr4gzcvqqNjLnInEg4=
github.com/stretchr/testify v1.2.2 h1:bSDNvY7ZPG5RlJ8otE/7V6gMiyenm9RtJ7IUVIAoJ1w=
github.com/stretchr/testify v1.2.2/go.mod h1:a8OnRcib4nhh0OaRAV+Yts87kKdq0PP7pXfy6kDkUVs=
github.com/ugorji/go/codec v0.0.0-20181127175209-856da096dbdf h1:BLcwkDfQ8QPXNXBApZUATvuigovcYPXkHzez80QFGNg=
github.com/ugorji/go/codec v0.0.0-20181127175209-856da096dbdf/go.mod h1:VFNgLljTbGfSG7qAOspJ7OScBnGdDN/yBr0sguwnwf0=
github.com/xiang90/probing v0.0.0-20160813154853-07dd2e8dfe18 h1:MPPkRncZLN9Kh4MEFmbnK4h3BD7AUmskWv2+EeZJCCs=
github.com/xiang90/probing v0.0.0-20160813154853-07dd2e8dfe18/go.mod h1:UETIi67q53MR2AWcXfiuqkDkRtnGDLqkBTpCHuJHxtU=
golang.org/x/crypto v0.0.0-20160711182412-2c99acdd1e9b h1:2jrSTd+N8P7Wg79ClE25uXmVIE7WluBSpTSsQQ2Nypo=
golang.org/x/crypto v0.0.0-20160711182412-2c99acdd1e9b/go.mod h1:6SG95UA2DQfeDnfUPMdvaQW0Q7yPrPDi9nlGo2tz2b4=
golang.org/x/lint v0.0.0-20181026193005-c67002cb31c3 h1:x/bBzNauLQAlE3fLku/xy92Y8QwKX5HZymrMz2IiKFc=
golang.org/x/lint v0.0.0-20181026193005-c67002cb31c3/go.mod h1:UVdnD1Gm6xHRNCYTkRU2/jEulfH38KcIWyp/GAMgvoE=
golang.org/x/net v0.0.0-20170413175226-5602c733f70a h1:U+RBxJXt1cn83eNU5KfO0ABG27IrDKWhrbr9MBCri/s=
golang.org/x/net v0.0.0-20170413175226-5602c733f70a/go.mod h1:mL1N/T3taQHkDXs73rZJwtUhF3w3ftmwwsq0BUmARs4=
golang.org/x/oauth2 v0.0.0-20160718223228-08c8d727d239 h1:zW4VTIvN4l/liomF2DkpwzM8vz+Xlp9lO06+Z32c91U=
golang.org/x/oauth2 v0.0.0-20160718223228-08c8d727d239/go.mod h1:N/0e6XlmueqKjAGxoOufVs8QHGRruUQn6yWY3a++T0U=
golang.org/x/sync v0.0.0-20181108010431-42b317875d0f h1:Bl/8QSvNqXvPGPGXa2z5xUTmV7VDcZyvRZ+QQXkXTZQ=
golang.org/x/sync v0.0.0-20181108010431-42b317875d0f/go.mod h1:RxMgew5VJxzue5/jJTE5uejpjVlOe/izrB70Jof72aM=
golang.org/x/sys v0.0.0-20151211033651-833a04a10549 h1:imXIGlmpdV8HlMP9DTrSVaxjoffgGbwFZdJl0Ous5dc=
golang.org/x/sys v0.0.0-20151211033651-833a04a10549/go.mod h1:STP8DvDyc/dI5b8T5hshtkjS+E42TnysNCUPdjciGhY=
golang.org/x/text v0.0.0-20170401064109-f4b4367115ec h1:IQbbXMrYo9hsfbt8unKNTFivvnNgGfA4p2HQLJmfrQU=
golang.org/x/text v0.0.0-20170401064109-f4b4367115ec/go.mod h1:NqM8EUOU14njkJ3fqMW+pc6Ldnwhi/IjpwHt7yyuwOQ=
golang.org/x/time v0.0.0-20181108054448-85acf8d2951c h1:fqgJT0MGcGpPgpWU7VRdRjuArfcOvC4AoJmILihzhDg=
golang.org/x/time v0.0.0-20181108054448-85acf8d2951c/go.mod h1:tRJNPiyCQ0inRvYxbN9jk5I+vvW/OXSQhTDSoE431IQ=
golang.org/x/tools v0.0.0-20181201035826-d0ca3933b724 h1:eV9myT/I6o1p8salzgZ0f1pz54PEgUf2NkCxEf6t+xs=
golang.org/x/tools v0.0.0-20181201035826-d0ca3933b724/go.mod h1:n7NCudcB/nEzxVGmLbDWY5pfWTLqBcC2KZ6jyYvM4mQ=
google.golang.org/appengine v0.0.0-20160621060416-267c27e74922 h1:gHCUPwst+IxLPSNSG+jClGv+Dz5Tly/Y8D73bvQwIXM=
google.golang.org/appengine v0.0.0-20160621060416-267c27e74922/go.mod h1:EbEs0AVv82hx2wNQdGPgUI5lhzA/G0D9YwlJXL52JkM=
google.golang.org/genproto v0.0.0-20170404132009-411e09b969b1 h1:HEurpBgyZQ15ngKW89Tw1gNMezbyH69oBSyrKIBvOLw=
google.golang.org/genproto v0.0.0-20170404132009-411e09b969b1/go.mod h1:JiN7NxoALGmiZfu7CAH4rXhgtRTLTxftemlI0sWmxmc=
google.golang.org/grpc v0.0.0-20170413033559-0e8b58d22f34 h1:iKtEgI7FElNp1rHnHbtWcwcLRfHR7+PomIFwnVpYjHo=
google.golang.org/grpc v0.0.0-20170413033559-0e8b58d22f34/go.mod h1:yo6s7OP7yaDglbqo1J04qKzAhqBH6lvTonzMVmEdcZw=
gopkg.in/asn1-ber.v1 v1.0.0-20150924051756-4e86f4367175 h1:nn6Zav2sOQHCFJHEspya8KqxhFwKci30UxHy3HXPTyQ=
gopkg.in/asn1-ber.v1 v1.0.0-20150924051756-4e86f4367175/go.mod h1:cuepJuh7vyXfUyUwEgHQXw849cJrilpS5NeIjOWESAw=
gopkg.in/check.v1 v1.0.0-20180628173108-788fd7840127 h1:qIbj1fsPNlZgppZ+VLlY7N33q108Sa+fhmuc+sWQYwY=
gopkg.in/check.v1 v1.0.0-20180628173108-788fd7840127/go.mod h1:Co6ibVJAznAaIkqp8huTwlJQCZ016jof/cbN4VW5Yz0=
gopkg.in/ldap.v2 v2.5.1 h1:wiu0okdNfjlBzg6UWvd1Hn8Y+Ux17/u/4nlk4CQr6tU=
gopkg.in/ldap.v2 v2.5.1/go.mod h1:oI0cpe/D7HRtBQl8aTg+ZmzFUAvu4lsv3eLXMLGFxWk=
gopkg.in/square/go-jose.v2 v2.1.8 h1:yECBkTX7ypNaRFILw4trAAYXRLvcGxTeHCBKj/fc8gU=
gopkg.in/square/go-jose.v2 v2.1.8/go.mod h1:M9dMgbHiYLoDGQrXy7OpJDJWiKiU//h+vD76mk0e1AI=
gopkg.in/yaml.v2 v2.0.0-20160301204022-a83829b6f129 h1:RBgb9aPUbZ9nu66ecQNIBNsA7j3mB5h8PNDIfhPjaJg=
gopkg.in/yaml.v2 v2.0.0-20160301204022-a83829b6f129/go.mod h1:JAlM8MvJe8wmxCU4Bli9HhUf9+ttbYbLASfIpnQbh74=
